# This file is automatically @generated by Cargo.
# It is not intended for manual editing.
version = 3

[[package]]
name = "build-helper"
version = "0.1.1"
source = "registry+https://github.com/rust-lang/crates.io-index"
checksum = "bdce191bf3fa4995ce948c8c83b4640a1745457a149e73c6db75b4ffe36aad5f"
dependencies = [
 "semver",
]

[[package]]
name = "fsize"
version = "0.1.0"
source = "registry+https://github.com/rust-lang/crates.io-index"
checksum = "b359322cffd58fca466402a8208677747bc2234d82c863e87a90372861935ec4"
dependencies = [
 "build-helper",
]

[[package]]
name = "roost"
version = "0.1.0"
dependencies = [
 "fsize",
]

[[package]]
name = "semver"
version = "0.6.0"
source = "registry+https://github.com/rust-lang/crates.io-index"
checksum = "7a3186ec9e65071a2095434b1f5bb24838d4e8e130f584c790f6033c79943537"
dependencies = [
 "semver-parser",
]

[[package]]
name = "semver-parser"
version = "0.7.0"
source = "registry+https://github.com/rust-lang/crates.io-index"
checksum = "388a1df253eca08550bef6c72392cfe7c30914bf41df5269b68cbd6ff8f570a3"
